
Microsoft Visual Studio Solution File, Format Version 12.00
# Visual Studio Version 16
VisualStudioVersion = 16.0.30114.105
MinimumVisualStudioVersion = 10.0.40219.1
Project("{9A19103F-16F7-4668-BE54-9A1E7A4F7556}") = "OOP_lab_6_25_1", "OOP_lab_6_25_1\OOP_lab_6_25_1.csproj", "{1C3F910B-EA66-414F-8A6F-2E3EFBD6A0E7}"
EndProject
Project("{2150E333-8FDC-42A3-9474-1A3956D46DE8}") = "Solution Items", "Solution Items", "{FFF6074C-1B68-4028-B5E3-CA631218710E}"
	ProjectSection(SolutionItems) = preProject
		.travis.yml = .travis.yml
	EndProjectSection
EndProject
Global
	GlobalSection(SolutionConfigurationPlatforms) = preSolution
		Debug|Any CPU = Debug|Any CPU
		Release|Any CPU = Release|Any CPU
	EndGlobalSection
	GlobalSection(ProjectConfigurationPlatforms) = postSolution
		{1C3F910B-EA66-414F-8A6F-2E3EFBD6A0E7}.Debug|Any CPU.ActiveCfg = Debug|Any CPU
		{1C3F910B-EA66-414F-8A6F-2E3EFBD6A0E7}.Debug|Any CPU.Build.0 = Debug|Any CPU
		{1C3F910B-EA66-414F-8A6F-2E3EFBD6A0E7}.Release|Any CPU.ActiveCfg = Release|Any CPU
		{1C3F910B-EA66-414F-8A6F-2E3EFBD6A0E7}.Release|Any CPU.Build.0 = Release|Any CPU
	EndGlobalSection
	GlobalSection(SolutionProperties) = preSolution
		HideSolutionNode = FALSE
	EndGlobalSection
	GlobalSection(ExtensibilityGlobals) = postSolution
		SolutionGuid = {00CAAC9E-F530-4781-93E2-A7CF728E6CC4}
	EndGlobalSection
EndGlobal
